
Microsoft Visual Studio Solution File, Format Version 12.00
# Visual Studio Version 16
VisualStudioVersion = 16.0.30907.101
MinimumVisualStudioVersion = 10.0.40219.1
Project("{FAE04EC0-301F-11D3-BF4B-00C04F79EFBC}") = "Throwback", "Throwback\Throwback.csproj", "{ED27205C-8244-4697-88AC-8807B5C9C5F1}"
EndProject
Global
	GlobalSection(SolutionConfigurationPlatforms) = preSolution
		Debug|Any CPU = Debug|Any CPU
		Release|Any CPU = Release|Any CPU
	EndGlobalSection
	GlobalSection(ProjectConfigurationPlatforms) = postSolution
		{ED27205C-8244-4697-88AC-8807B5C9C5F1}.Debug|Any CPU.ActiveCfg = Debug|Any CPU
		{ED27205C-8244-4697-88AC-8807B5C9C5F1}.Debug|Any CPU.Build.0 = Debug|Any CPU
		{ED27205C-8244-4697-88AC-8807B5C9C5F1}.Release|Any CPU.ActiveCfg = Release|Any CPU
		{ED27205C-8244-4697-88AC-8807B5C9C5F1}.Release|Any CPU.Build.0 = Release|Any CPU
	EndGlobalSection
	GlobalSection(SolutionProperties) = preSolution
		HideSolutionNode = FALSE
	EndGlobalSection
	GlobalSection(ExtensibilityGlobals) = postSolution
		SolutionGuid = {DB3843FC-6FC1-4CE3-BE42-E53B33BA55E5}
	EndGlobalSection
EndGlobal
